
Microsoft Visual Studio Solution File, Format Version 12.00
# Visual Studio 15
VisualStudioVersion = 15.0.28307.852
MinimumVisualStudioVersion = 10.0.40219.1
Project("{8BC9CEB8-8B4A-11D0-8D11-00A0C91BC942}") = "Project20", "Project20\Project20.vcxproj", "{DF46B2F6-CE6D-4D41-ADC2-F241F36E8BBE}"
EndProject
Global
	GlobalSection(SolutionConfigurationPlatforms) = preSolution
		Debug|x64 = Debug|x64
		Debug|x86 = Debug|x86
		Release|x64 = Release|x64
		Release|x86 = Release|x86
	EndGlobalSection
	GlobalSection(ProjectConfigurationPlatforms) = postSolution
		{DF46B2F6-CE6D-4D41-ADC2-F241F36E8BBE}.Debug|x64.ActiveCfg = Debug|x64
		{DF46B2F6-CE6D-4D41-ADC2-F241F36E8BBE}.Debug|x64.Build.0 = Debug|x64
		{DF46B2F6-CE6D-4D41-ADC2-F241F36E8BBE}.Debug|x86.ActiveCfg = Debug|Win32
		{DF46B2F6-CE6D-4D41-ADC2-F241F36E8BBE}.Debug|x86.Build.0 = Debug|Win32
		{DF46B2F6-CE6D-4D41-ADC2-F241F36E8BBE}.Release|x64.ActiveCfg = Release|x64
		{DF46B2F6-CE6D-4D41-ADC2-F241F36E8BBE}.Release|x64.Build.0 = Release|x64
		{DF46B2F6-CE6D-4D41-ADC2-F241F36E8BBE}.Release|x86.ActiveCfg = Release|Win32
		{DF46B2F6-CE6D-4D41-ADC2-F241F36E8BBE}.Release|x86.Build.0 = Release|Win32
	EndGlobalSection
	GlobalSection(SolutionProperties) = preSolution
		HideSolutionNode = FALSE
	EndGlobalSection
	GlobalSection(ExtensibilityGlobals) = postSolution
		SolutionGuid = {A6BDB4F5-F240-4887-932E-B0C8B36064C1}
	EndGlobalSection
EndGlobal
